
Microsoft Visual Studio Solution File, Format Version 12.00
# Visual Studio 15
VisualStudioVersion = 15.0.28307.421
MinimumVisualStudioVersion = 10.0.40219.1
Project("{FAE04EC0-301F-11D3-BF4B-00C04F79EFBC}") = "PlayersGuideChapter11", "PlayersGuideChapter11\PlayersGuideChapter11.csproj", "{C11F09AE-3635-42D6-9BE9-CCA7A733B944}"
EndProject
Global
	GlobalSection(SolutionConfigurationPlatforms) = preSolution
		Debug|Any CPU = Debug|Any CPU
		Release|Any CPU = Release|Any CPU
	EndGlobalSection
	GlobalSection(ProjectConfigurationPlatforms) = postSolution
		{C11F09AE-3635-42D6-9BE9-CCA7A733B944}.Debug|Any CPU.ActiveCfg = Debug|Any CPU
		{C11F09AE-3635-42D6-9BE9-CCA7A733B944}.Debug|Any CPU.Build.0 = Debug|Any CPU
		{C11F09AE-3635-42D6-9BE9-CCA7A733B944}.Release|Any CPU.ActiveCfg = Release|Any CPU
		{C11F09AE-3635-42D6-9BE9-CCA7A733B944}.Release|Any CPU.Build.0 = Release|Any CPU
	EndGlobalSection
	GlobalSection(SolutionProperties) = preSolution
		HideSolutionNode = FALSE
	EndGlobalSection
	GlobalSection(ExtensibilityGlobals) = postSolution
		SolutionGuid = {DFE37FEF-4A0E-494F-A693-1E65FDEA27A4}
	EndGlobalSection
EndGlobal
