
Microsoft Visual Studio Solution File, Format Version 12.00
# Visual Studio 15
VisualStudioVersion = 15.0.28307.438
MinimumVisualStudioVersion = 10.0.40219.1
Project("{FAE04EC0-301F-11D3-BF4B-00C04F79EFBC}") = "PlayersGuideChapter18", "PlayersGuideChapter18\PlayersGuideChapter18.csproj", "{F7A986C6-9A89-4345-BC11-A357C6BB08C3}"
EndProject
Global
	GlobalSection(SolutionConfigurationPlatforms) = preSolution
		Debug|Any CPU = Debug|Any CPU
		Release|Any CPU = Release|Any CPU
	EndGlobalSection
	GlobalSection(ProjectConfigurationPlatforms) = postSolution
		{F7A986C6-9A89-4345-BC11-A357C6BB08C3}.Debug|Any CPU.ActiveCfg = Debug|Any CPU
		{F7A986C6-9A89-4345-BC11-A357C6BB08C3}.Debug|Any CPU.Build.0 = Debug|Any CPU
		{F7A986C6-9A89-4345-BC11-A357C6BB08C3}.Release|Any CPU.ActiveCfg = Release|Any CPU
		{F7A986C6-9A89-4345-BC11-A357C6BB08C3}.Release|Any CPU.Build.0 = Release|Any CPU
	EndGlobalSection
	GlobalSection(SolutionProperties) = preSolution
		HideSolutionNode = FALSE
	EndGlobalSection
	GlobalSection(ExtensibilityGlobals) = postSolution
		SolutionGuid = {A2AA4A20-F55E-4815-83B8-304D62D893D2}
	EndGlobalSection
EndGlobal
